// !$*UTF8*$!
{
	archiveVersion = 1;
	classes = {
	};
	objectVersion = 50;
	objects = {

/* Begin PBXBuildFile section */
		164154F325BDF74300FB9F69 /* QTNews.m in Sources */ = {isa = PBXBuildFile; fileRef = 164154F225BDF74300FB9F69 /* QTNews.m */; };
		1697AEAC25BC9886001DE358 /* AppDelegate.m in Sources */ = {isa = PBXBuildFile; fileRef = 1697AEAB25BC9886001DE358 /* AppDelegate.m */; };
		1697AEAF25BC9886001DE358 /* SceneDelegate.m in Sources */ = {isa = PBXBuildFile; fileRef = 1697AEAE25BC9886001DE358 /* SceneDelegate.m */; };
		1697AEB225BC9886001DE358 /* ViewController.m in Sources */ = {isa = PBXBuildFile; fileRef = 1697AEB125BC9886001DE358 /* ViewController.m */; };
		1697AEB725BC988A001DE358 /* Assets.xcassets in Resources */ = {isa = PBXBuildFile; fileRef = 1697AEB625BC988A001DE358 /* Assets.xcassets */; };
		1697AEBA25BC988A001DE358 /* LaunchScreen.storyboard in Resources */ = {isa = PBXBuildFile; fileRef = 1697AEB825BC988A001DE358 /* LaunchScreen.storyboard */; };
		1697AEBD25BC988A001DE358 /* main.m in Sources */ = {isa = PBXBuildFile; fileRef = 1697AEBC25BC988A001DE358 /* main.m */; };
		16ABFBA325BCA466001F21CF /* ApiManager.m in Sources */ = {isa = PBXBuildFile; fileRef = 16ABFBA225BCA466001F21CF /* ApiManager.m */; };
		16ABFBA625BCAEC3001F21CF /* NewsTableViewCell.m in Sources */ = {isa = PBXBuildFile; fileRef = 16ABFBA525BCAEC3001F21CF /* NewsTableViewCell.m */; };
/* End PBXBuildFile section */

/* Begin PBXFileReference section */
		164154F125BDF74300FB9F69 /* QTNews.h */ = {isa = PBXFileReference; lastKnownFileType = sourcecode.c.h; path = QTNews.h; sourceTree = "<group>"; };
		164154F225BDF74300FB9F69 /* QTNews.m */ = {isa = PBXFileReference; lastKnownFileType = sourcecode.c.objc; path = QTNews.m; sourceTree = "<group>"; };
		1697AEA725BC9886001DE358 /* Lesson_3.app */ = {isa = PBXFileReference; explicitFileType = wrapper.application; includeInIndex = 0; path = Lesson_3.app; sourceTree = BUILT_PRODUCTS_DIR; };
		1697AEAA25BC9886001DE358 /* AppDelegate.h */ = {isa = PBXFileReference; lastKnownFileType = sourcecode.c.h; path = AppDelegate.h; sourceTree = "<group>"; };
		1697AEAB25BC9886001DE358 /* AppDelegate.m */ = {isa = PBXFileReference; lastKnownFileType = sourcecode.c.objc; path = AppDelegate.m; sourceTree = "<group>"; };
		1697AEAD25BC9886001DE358 /* SceneDelegate.h */ = {isa = PBXFileReference; lastKnownFileType = sourcecode.c.h; path = SceneDelegate.h; sourceTree = "<group>"; };
		1697AEAE25BC9886001DE358 /* SceneDelegate.m */ = {isa = PBXFileReference; lastKnownFileType = sourcecode.c.objc; path = SceneDelegate.m; sourceTree = "<group>"; };
		1697AEB025BC9886001DE358 /* ViewController.h */ = {isa = PBXFileReference; lastKnownFileType = sourcecode.c.h; path = ViewController.h; sourceTree = "<group>"; };
		1697AEB125BC9886001DE358 /* ViewController.m */ = {isa = PBXFileReference; lastKnownFileType = sourcecode.c.objc; path = ViewController.m; sourceTree = "<group>"; };
		1697AEB625BC988A001DE358 /* Assets.xcassets */ = {isa = PBXFileReference; lastKnownFileType = folder.assetcatalog; path = Assets.xcassets; sourceTree = "<group>"; };
		1697AEB925BC988A001DE358 /* Base */ = {isa = PBXFileReference; lastKnownFileType = file.storyboard; name = Base; path = Base.lproj/LaunchScreen.storyboard; sourceTree = "<group>"; };
		1697AEBB25BC988A001DE358 /* Info.plist */ = {isa = PBXFileReference; lastKnownFileType = text.plist.xml; path = Info.plist; sourceTree = "<group>"; };
		1697AEBC25BC988A001DE358 /* main.m */ = {isa = PBXFileReference; lastKnownFileType = sourcecode.c.objc; path = main.m; sourceTree = "<group>"; };
		16ABFBA125BCA466001F21CF /* ApiManager.h */ = {isa = PBXFileReference; lastKnownFileType = sourcecode.c.h; path = ApiManager.h; sourceTree = "<group>"; };
		16ABFBA225BCA466001F21CF /* ApiManager.m */ = {isa = PBXFileReference; lastKnownFileType = sourcecode.c.objc; path = ApiManager.m; sourceTree = "<group>"; };
		16ABFBA425BCAEC3001F21CF /* NewsTableViewCell.h */ = {isa = PBXFileReference; lastKnownFileType = sourcecode.c.h; path = NewsTableViewCell.h; sourceTree = "<group>"; };
		16ABFBA525BCAEC3001F21CF /* NewsTableViewCell.m */ = {isa = PBXFileReference; lastKnownFileType = sourcecode.c.objc; path = NewsTableViewCell.m; sourceTree = "<group>"; };
/* End PBXFileReference section */

/* Begin PBXFrameworksBuildPhase section */
		1697AEA425BC9886001DE358 /* Frameworks */ = {
			isa = PBXFrameworksBuildPhase;
			buildActionMask = 2147483647;
			files = (
			);
			runOnlyForDeploymentPostprocessing = 0;
		};
/* End PBXFrameworksBuildPhase section */

/* Begin PBXGroup section */
		164154F425BDF76E00FB9F69 /* News */ = {
			isa = PBXGroup;
			children = (
				164154F125BDF74300FB9F69 /* QTNews.h */,
				164154F225BDF74300FB9F69 /* QTNews.m */,
			);
			path = News;
			sourceTree = "<group>";
		};
		1697AE9E25BC9886001DE358 = {
			isa = PBXGroup;
			children = (
				1697AEA925BC9886001DE358 /* Lesson_3 */,
				1697AEA825BC9886001DE358 /* Products */,
			);
			sourceTree = "<group>";
		};
		1697AEA825BC9886001DE358 /* Products */ = {
			isa = PBXGroup;
			children = (
				1697AEA725BC9886001DE358 /* Lesson_3.app */,
			);
			name = Products;
			sourceTree = "<group>";
		};
		1697AEA925BC9886001DE358 /* Lesson_3 */ = {
			isa = PBXGroup;
			children = (
				1697AEAA25BC9886001DE358 /* AppDelegate.h */,
				1697AEAB25BC9886001DE358 /* AppDelegate.m */,
				1697AEAD25BC9886001DE358 /* SceneDelegate.h */,
				1697AEAE25BC9886001DE358 /* SceneDelegate.m */,
				16ABFBA125BCA466001F21CF /* ApiManager.h */,
				16ABFBA225BCA466001F21CF /* ApiManager.m */,
				1697AEB025BC9886001DE358 /* ViewController.h */,
				1697AEB125BC9886001DE358 /* ViewController.m */,
				16ABFBA425BCAEC3001F21CF /* NewsTableViewCell.h */,
				16ABFBA525BCAEC3001F21CF /* NewsTableViewCell.m */,
				164154F425BDF76E00FB9F69 /* News */,
				1697AEB625BC988A001DE358 /* Assets.xcassets */,
				1697AEB825BC988A001DE358 /* LaunchScreen.storyboard */,
				1697AEBB25BC988A001DE358 /* Info.plist */,
				1697AEBC25BC988A001DE358 /* main.m */,
			);
			path = Lesson_3;
			sourceTree = "<group>";
		};
/* End PBXGroup section */

/* Begin PBXNativeTarget section */
		1697AEA625BC9886001DE358 /* Lesson_3 */ = {
			isa = PBXNativeTarget;
			buildConfigurationList = 1697AEC025BC988A001DE358 /* Build configuration list for PBXNativeTarget "Lesson_3" */;
			buildPhases = (
				1697AEA325BC9886001DE358 /* Sources */,
				1697AEA425BC9886001DE358 /* Frameworks */,
				1697AEA525BC9886001DE358 /* Resources */,
			);
			buildRules = (
			);
			dependencies = (
			);
			name = Lesson_3;
			productName = Lesson_3;
			productReference = 1697AEA725BC9886001DE358 /* Lesson_3.app */;
			productType = "com.apple.product-type.application";
		};
/* End PBXNativeTarget section */

/* Begin PBXProject section */
		1697AE9F25BC9886001DE358 /* Project object */ = {
			isa = PBXProject;
			attributes = {
				LastUpgradeCheck = 1170;
				ORGANIZATIONNAME = "Andrey Shchekatunov";
				TargetAttributes = {
					1697AEA625BC9886001DE358 = {
						CreatedOnToolsVersion = 11.7;
					};
				};
			};
			buildConfigurationList = 1697AEA225BC9886001DE358 /* Build configuration list for PBXProject "Lesson_3" */;
			compatibilityVersion = "Xcode 9.3";
			developmentRegion = en;
			hasScannedForEncodings = 0;
			knownRegions = (
				en,
				Base,
			);
			mainGroup = 1697AE9E25BC9886001DE358;
			productRefGroup = 1697AEA825BC9886001DE358 /* Products */;
			projectDirPath = "";
			projectRoot = "";
			targets = (
				1697AEA625BC9886001DE358 /* Lesson_3 */,
			);
		};
/* End PBXProject section */

/* Begin PBXResourcesBuildPhase section */
		1697AEA525BC9886001DE358 /* Resources */ = {
			isa = PBXResourcesBuildPhase;
			buildActionMask = 2147483647;
			files = (
				1697AEBA25BC988A001DE358 /* LaunchScreen.storyboard in Resources */,
				1697AEB725BC988A001DE358 /* Assets.xcassets in Resources */,
			);
			runOnlyForDeploymentPostprocessing = 0;
		};
/* End PBXResourcesBuildPhase section */

/* Begin PBXSourcesBuildPhase section */
		1697AEA325BC9886001DE358 /* Sources */ = {
			isa = PBXSourcesBuildPhase;
			buildActionMask = 2147483647;
			files = (
				16ABFBA325BCA466001F21CF /* ApiManager.m in Sources */,
				1697AEB225BC9886001DE358 /* ViewController.m in Sources */,
				16ABFBA625BCAEC3001F21CF /* NewsTableViewCell.m in Sources */,
				1697AEAC25BC9886001DE358 /* AppDelegate.m in Sources */,
				164154F325BDF74300FB9F69 /* QTNews.m in Sources */,
				1697AEBD25BC988A001DE358 /* main.m in Sources */,
				1697AEAF25BC9886001DE358 /* SceneDelegate.m in Sources */,
			);
			runOnlyForDeploymentPostprocessing = 0;
		};
/* End PBXSourcesBuildPhase section */

/* Begin PBXVariantGroup section */
		1697AEB825BC988A001DE358 /* LaunchScreen.storyboard */ = {
			isa = PBXVariantGroup;
			children = (
				1697AEB925BC988A001DE358 /* Base */,
			);
			name = LaunchScreen.storyboard;
			sourceTree = "<group>";
		};
/* End PBXVariantGroup section */

/* Begin XCBuildConfiguration section */
		1697AEBE25BC988A001DE358 /* Debug */ = {
			isa = XCBuildConfiguration;
			buildSettings = {
				ALWAYS_SEARCH_USER_PATHS = NO;
				CLANG_ANALYZER_NONNULL = YES;
				CLANG_ANALYZER_NUMBER_OBJECT_CONVERSION = YES_AGGRESSIVE;
				CLANG_CXX_LANGUAGE_STANDARD = "gnu++14";
				CLANG_CXX_LIBRARY = "libc++";
				CLANG_ENABLE_MODULES = YES;
				CLANG_ENABLE_OBJC_ARC = YES;
				CLANG_ENABLE_OBJC_WEAK = YES;
				CLANG_WARN_BLOCK_CAPTURE_AUTORELEASING = YES;
				CLANG_WARN_BOOL_CONVERSION = YES;
				CLANG_WARN_COMMA = YES;
				CLANG_WARN_CONSTANT_CONVERSION = YES;
				CLANG_WARN_DEPRECATED_OBJC_IMPLEMENTATIONS = YES;
				CLANG_WARN_DIRECT_OBJC_ISA_USAGE = YES_ERROR;
				CLANG_WARN_DOCUMENTATION_COMMENTS = YES;
				CLANG_WARN_EMPTY_BODY = YES;
				CLANG_WARN_ENUM_CONVERSION = YES;
				CLANG_WARN_INFINITE_RECURSION = YES;
				CLANG_WARN_INT_CONVERSION = YES;
				CLANG_WARN_NON_LITERAL_NULL_CONVERSION = YES;
				CLANG_WARN_OBJC_IMPLICIT_RETAIN_SELF = YES;
				CLANG_WARN_OBJC_LITERAL_CONVERSION = YES;
				CLANG_WARN_OBJC_ROOT_CLASS = YES_ERROR;
				CLANG_WARN_RANGE_LOOP_ANALYSIS = YES;
				CLANG_WARN_STRICT_PROTOTYPES = YES;
				CLANG_WARN_SUSPICIOUS_MOVE = YES;
				CLANG_WARN_UNGUARDED_AVAILABILITY = YES_AGGRESSIVE;
				CLANG_WARN_UNREACHABLE_CODE = YES;
				CLANG_WARN__DUPLICATE_METHOD_MATCH = YES;
				COPY_PHASE_STRIP = NO;
				DEBUG_INFORMATION_FORMAT = dwarf;
				ENABLE_STRICT_OBJC_MSGSEND = YES;
				ENABLE_TESTABILITY = YES;
				GCC_C_LANGUAGE_STANDARD = gnu11;
				GCC_DYNAMIC_NO_PIC = NO;
				GCC_NO_COMMON_BLOCKS = YES;
				GCC_OPTIMIZATION_LEVEL = 0;
				GCC_PREPROCESSOR_DEFINITIONS = (
					"DEBUG=1",
					"$(inherited)",
				);
				GCC_WARN_64_TO_32_BIT_CONVERSION = YES;
				GCC_WARN_ABOUT_RETURN_TYPE = YES_ERROR;
				GCC_WARN_UNDECLARED_SELECTOR = YES;
				GCC_WARN_UNINITIALIZED_AUTOS = YES_AGGRESSIVE;
				GCC_WARN_UNUSED_FUNCTION = YES;
				GCC_WARN_UNUSED_VARIABLE = YES;
				IPHONEOS_DEPLOYMENT_TARGET = 13.7;
				MTL_ENABLE_DEBUG_INFO = INCLUDE_SOURCE;
				MTL_FAST_MATH = YES;
				ONLY_ACTIVE_ARCH = YES;
				SDKROOT = iphoneos;
			};
			name = Debug;
		};
		1697AEBF25BC988A001DE358 /* Release */ = {
			isa = XCBuildConfiguration;
			buildSettings = {
				ALWAYS_SEARCH_USER_PATHS = NO;
				CLANG_ANALYZER_NONNULL = YES;
				CLANG_ANALYZER_NUMBER_OBJECT_CONVERSION = YES_AGGRESSIVE;
				CLANG_CXX_LANGUAGE_STANDARD = "gnu++14";
				CLANG_CXX_LIBRARY = "libc++";
				CLANG_ENABLE_MODULES = YES;
				CLANG_ENABLE_OBJC_ARC = YES;
				CLANG_ENABLE_OBJC_WEAK = YES;
				CLANG_WARN_BLOCK_CAPTURE_AUTORELEASING = YES;
				CLANG_WARN_BOOL_CONVERSION = YES;
				CLANG_WARN_COMMA = YES;
				CLANG_WARN_CONSTANT_CONVERSION = YES;
				CLANG_WARN_DEPRECATED_OBJC_IMPLEMENTATIONS = YES;
				CLANG_WARN_DIRECT_OBJC_ISA_USAGE = YES_ERROR;
				CLANG_WARN_DOCUMENTATION_COMMENTS = YES;
				CLANG_WARN_EMPTY_BODY = YES;
				CLANG_WARN_ENUM_CONVERSION = YES;
				CLANG_WARN_INFINITE_RECURSION = YES;
				CLANG_WARN_INT_CONVERSION = YES;
				CLANG_WARN_NON_LITERAL_NULL_CONVERSION = YES;
				CLANG_WARN_OBJC_IMPLICIT_RETAIN_SELF = YES;
				CLANG_WARN_OBJC_LITERAL_CONVERSION = YES;
				CLANG_WARN_OBJC_ROOT_CLASS = YES_ERROR;
				CLANG_WARN_RANGE_LOOP_ANALYSIS = YES;
				CLANG_WARN_STRICT_PROTOTYPES = YES;
				CLANG_WARN_SUSPICIOUS_MOVE = YES;
				CLANG_WARN_UNGUARDED_AVAILABILITY = YES_AGGRESSIVE;
				CLANG_WARN_UNREACHABLE_CODE = YES;
				CLANG_WARN__DUPLICATE_METHOD_MATCH = YES;
				COPY_PHASE_STRIP = NO;
				DEBUG_INFORMATION_FORMAT = "dwarf-with-dsym";
				ENABLE_NS_ASSERTIONS = NO;
				ENABLE_STRICT_OBJC_MSGSEND = YES;
				GCC_C_LANGUAGE_STANDARD = gnu11;
				GCC_NO_COMMON_BLOCKS = YES;
				GCC_WARN_64_TO_32_BIT_CONVERSION = YES;
				GCC_WARN_ABOUT_RETURN_TYPE = YES_ERROR;
				GCC_WARN_UNDECLARED_SELECTOR = YES;
				GCC_WARN_UNINITIALIZED_AUTOS = YES_AGGRESSIVE;
				GCC_WARN_UNUSED_FUNCTION = YES;
				GCC_WARN_UNUSED_VARIABLE = YES;
				IPHONEOS_DEPLOYMENT_TARGET = 13.7;
				MTL_ENABLE_DEBUG_INFO = NO;
				MTL_FAST_MATH = YES;
				SDKROOT = iphoneos;
				VALIDATE_PRODUCT = YES;
			};
			name = Release;
		};
		1697AEC125BC988A001DE358 /* Debug */ = {
			isa = XCBuildConfiguration;
			buildSettings = {
				ASSETCATALOG_COMPILER_APPICON_NAME = AppIcon;
				CODE_SIGN_STYLE = Automatic;
				INFOPLIST_FILE = Lesson_3/Info.plist;
				LD_RUNPATH_SEARCH_PATHS = (
					"$(inherited)",
					"@executable_path/Frameworks",
				);
				PRODUCT_BUNDLE_IDENTIFIER = "AndNasPlay.Lesson-3";
				PRODUCT_NAME = "$(TARGET_NAME)";
				TARGETED_DEVICE_FAMILY = "1,2";
			};
			name = Debug;
		};
		1697AEC225BC988A001DE358 /* Release */ = {
			isa = XCBuildConfiguration;
			buildSettings = {
				ASSETCATALOG_COMPILER_APPICON_NAME = AppIcon;
				CODE_SIGN_STYLE = Automatic;
				INFOPLIST_FILE = Lesson_3/Info.plist;
				LD_RUNPATH_SEARCH_PATHS = (
					"$(inherited)",
					"@executable_path/Frameworks",
				);
				PRODUCT_BUNDLE_IDENTIFIER = "AndNasPlay.Lesson-3";
				PRODUCT_NAME = "$(TARGET_NAME)";
				TARGETED_DEVICE_FAMILY = "1,2";
			};
			name = Release;
		};
/* End XCBuildConfiguration section */

/* Begin XCConfigurationList section */
		1697AEA225BC9886001DE358 /* Build configuration list for PBXProject "Lesson_3" */ = {
			isa = XCConfigurationList;
			buildConfigurations = (
				1697AEBE25BC988A001DE358 /* Debug */,
				1697AEBF25BC988A001DE358 /* Release */,
			);
			defaultConfigurationIsVisible = 0;
			defaultConfigurationName = Release;
		};
		1697AEC025BC988A001DE358 /* Build configuration list for PBXNativeTarget "Lesson_3" */ = {
			isa = XCConfigurationList;
			buildConfigurations = (
				1697AEC125BC988A001DE358 /* Debug */,
				1697AEC225BC988A001DE358 /* Release */,
			);
			defaultConfigurationIsVisible = 0;
			defaultConfigurationName = Release;
		};
/* End XCConfigurationList section */
	};
	rootObject = 1697AE9F25BC9886001DE358 /* Project object */;
}
